
Microsoft Visual Studio Solution File, Format Version 12.00
# Visual Studio Version 17
VisualStudioVersion = 17.1.32407.343
MinimumVisualStudioVersion = 10.0.40219.1
Project("{FAE04EC0-301F-11D3-BF4B-00C04F79EFBC}") = "ServiceBusTutorial.FunctionApp", "ServiceBusTutorial.FunctionApp\ServiceBusTutorial.FunctionApp.csproj", "{7C0CC19A-D35C-40E6-9B6E-4111DC9A26B7}"
EndProject
Project("{FAE04EC0-301F-11D3-BF4B-00C04F79EFBC}") = "ServiceBusTutorial.WebApi", "ServiceBusTutorial.WebApi\ServiceBusTutorial.WebApi.csproj", "{19CA6837-0FAF-4451-A5FC-C628F9642F54}"
EndProject
Project("{FAE04EC0-301F-11D3-BF4B-00C04F79EFBC}") = "ServiceBusTutorial.Core", "ServiceBusTutorial.Core\ServiceBusTutorial.Core.csproj", "{55FDCD14-A063-44DD-B34C-6A61410AF3A4}"
EndProject
Global
	GlobalSection(SolutionConfigurationPlatforms) = preSolution
		Debug|Any CPU = Debug|Any CPU
		Release|Any CPU = Release|Any CPU
	EndGlobalSection
	GlobalSection(ProjectConfigurationPlatforms) = postSolution
		{7C0CC19A-D35C-40E6-9B6E-4111DC9A26B7}.Debug|Any CPU.ActiveCfg = Debug|Any CPU
		{7C0CC19A-D35C-40E6-9B6E-4111DC9A26B7}.Debug|Any CPU.Build.0 = Debug|Any CPU
		{7C0CC19A-D35C-40E6-9B6E-4111DC9A26B7}.Release|Any CPU.ActiveCfg = Release|Any CPU
		{7C0CC19A-D35C-40E6-9B6E-4111DC9A26B7}.Release|Any CPU.Build.0 = Release|Any CPU
		{19CA6837-0FAF-4451-A5FC-C628F9642F54}.Debug|Any CPU.ActiveCfg = Debug|Any CPU
		{19CA6837-0FAF-4451-A5FC-C628F9642F54}.Debug|Any CPU.Build.0 = Debug|Any CPU
		{19CA6837-0FAF-4451-A5FC-C628F9642F54}.Release|Any CPU.ActiveCfg = Release|Any CPU
		{19CA6837-0FAF-4451-A5FC-C628F9642F54}.Release|Any CPU.Build.0 = Release|Any CPU
		{55FDCD14-A063-44DD-B34C-6A61410AF3A4}.Debug|Any CPU.ActiveCfg = Debug|Any CPU
		{55FDCD14-A063-44DD-B34C-6A61410AF3A4}.Debug|Any CPU.Build.0 = Debug|Any CPU
		{55FDCD14-A063-44DD-B34C-6A61410AF3A4}.Release|Any CPU.ActiveCfg = Release|Any CPU
		{55FDCD14-A063-44DD-B34C-6A61410AF3A4}.Release|Any CPU.Build.0 = Release|Any CPU
	EndGlobalSection
	GlobalSection(SolutionProperties) = preSolution
		HideSolutionNode = FALSE
	EndGlobalSection
	GlobalSection(ExtensibilityGlobals) = postSolution
		SolutionGuid = {F6E38175-A641-416D-BB6A-CDDC6244773B}
	EndGlobalSection
EndGlobal
